
Microsoft Visual Studio Solution File, Format Version 12.00
# Visual Studio Version 17
VisualStudioVersion = 17.14.36301.6 d17.14
MinimumVisualStudioVersion = 10.0.40219.1
Project("{FAE04EC0-301F-11D3-BF4B-00C04F79EFBC}") = "exam01", "exam01\exam01.csproj", "{F3022135-F3A6-457E-A361-246228AB47DD}"
EndProject
Global
	GlobalSection(SolutionConfigurationPlatforms) = preSolution
		Debug|Any CPU = Debug|Any CPU
		Release|Any CPU = Release|Any CPU
	EndGlobalSection
	GlobalSection(ProjectConfigurationPlatforms) = postSolution
		{F3022135-F3A6-457E-A361-246228AB47DD}.Debug|Any CPU.ActiveCfg = Debug|Any CPU
		{F3022135-F3A6-457E-A361-246228AB47DD}.Debug|Any CPU.Build.0 = Debug|Any CPU
		{F3022135-F3A6-457E-A361-246228AB47DD}.Release|Any CPU.ActiveCfg = Release|Any CPU
		{F3022135-F3A6-457E-A361-246228AB47DD}.Release|Any CPU.Build.0 = Release|Any CPU
	EndGlobalSection
	GlobalSection(SolutionProperties) = preSolution
		HideSolutionNode = FALSE
	EndGlobalSection
	GlobalSection(ExtensibilityGlobals) = postSolution
		SolutionGuid = {F3D307F5-9998-416B-A9D3-64485B8DCD2E}
	EndGlobalSection
EndGlobal
